{
  "name": "functions",
  "lockfileVersion": 3,
  "requires": true,
  "packages": {
    "": {
      "dependencies": {
        "pixies-mygladiators": "^1.0.5"
      }
    },
    "node_modules/pixies-mygladiators": {
      "version": "1.0.5",
      "resolved": "https://registry.npmjs.org/pixies-mygladiators/-/pixies-mygladiators-1.0.5.tgz",
      "integrity": "sha512-/5CzbC3Fj8diMqLUw253rMeUEyYNdh+0PFazkxkB2clFi6uReuPbfs1muGqGTul7Q/wiMoP6StcXWk2mZPRDEQ=="
    }
  }
}
