{
  "name": "functions",
  "lockfileVersion": 3,
  "requires": true,
  "packages": {
    "": {
      "dependencies": {
        "pixies-mygladiators": "^1.0.2"
      }
    },
    "node_modules/pixies-mygladiators": {
      "version": "1.0.2",
      "resolved": "https://registry.npmjs.org/pixies-mygladiators/-/pixies-mygladiators-1.0.2.tgz",
      "integrity": "sha512-fusVvj6Zzg7WnU9PmvUrtMFCT2ROJK9ZjDWysdVu8xAwlLDSy3mP+nDcsaKOU7/cWDG5yrsFKksX+p6gJdNzYw=="
    }
  }
}
